# This file is automatically @generated by Cargo.
# It is not intended for manual editing.
version = 4

[[package]]
name = "aqevia-engine"
version = "0.1.0"
dependencies = [
 "aqevia-kernel",
 "aqevia-router",
 "aqevia-transport",
]

[[package]]
name = "aqevia-engine-bin"
version = "0.1.0"
dependencies = [
 "aqevia-engine",
]

[[package]]
name = "aqevia-kernel"
version = "0.1.0"

[[package]]
name = "aqevia-router"
version = "0.1.0"
dependencies = [
 "aqevia-kernel",
]

[[package]]
name = "aqevia-transport"
version = "0.1.0"
dependencies = [
 "aqevia-router",
]
